
Microsoft Visual Studio Solution File, Format Version 12.00
# Visual Studio Version 17
VisualStudioVersion = 17.5.33414.496
MinimumVisualStudioVersion = 10.0.40219.1
Project("{2150E333-8FDC-42A3-9474-1A3956D46DE8}") = "01- PI.WebAPI", "01- PI.WebAPI", "{CC180E1F-AC5F-4EA9-A5AF-12819DD2EED0}"
EndProject
Project("{FAE04EC0-301F-11D3-BF4B-00C04F79EFBC}") = "PI.WebAPI", "PI.WebAPI\PI.WebAPI.csproj", "{41E55460-8C02-426C-8163-DB5FDAF3B166}"
EndProject
Project("{2150E333-8FDC-42A3-9474-1A3956D46DE8}") = "02- PI.Manager", "02- PI.Manager", "{77AC2C8C-DA7D-465C-AA55-CB80D697D95E}"
EndProject
Project("{2150E333-8FDC-42A3-9474-1A3956D46DE8}") = "03- PI.Data", "03- PI.Data", "{AE7F0715-8C97-49A5-B778-398977ED2222}"
EndProject
Project("{2150E333-8FDC-42A3-9474-1A3956D46DE8}") = "04- PI.Core", "04- PI.Core", "{823B6A68-48A4-4A21-BC15-2085711526F7}"
EndProject
Project("{2150E333-8FDC-42A3-9474-1A3956D46DE8}") = "05- PI.Core.Shared", "05- PI.Core.Shared", "{BFCBD7F3-48B3-493B-AB8E-9681442B60A9}"
EndProject
Project("{FAE04EC0-301F-11D3-BF4B-00C04F79EFBC}") = "PI.Manager", "PI.Manager\PI.Manager.csproj", "{F55979B3-646C-4AD9-8322-435320E47C14}"
EndProject
Project("{FAE04EC0-301F-11D3-BF4B-00C04F79EFBC}") = "PI.Data", "PI.Data\PI.Data.csproj", "{DEE2FC1F-E5A7-4105-AECD-4C479762F657}"
EndProject
Project("{FAE04EC0-301F-11D3-BF4B-00C04F79EFBC}") = "PI.Core", "PI.Core\PI.Core.csproj", "{53233995-C7C3-43D2-A796-B76A5D53EFE8}"
EndProject
Project("{FAE04EC0-301F-11D3-BF4B-00C04F79EFBC}") = "PI.Core.Shared", "PI.Core.Shared\PI.Core.Shared.csproj", "{767E61D1-9E8C-473C-8E93-2ED5CB476336}"
EndProject
Global
	GlobalSection(SolutionConfigurationPlatforms) = preSolution
		Debug|Any CPU = Debug|Any CPU
		Release|Any CPU = Release|Any CPU
	EndGlobalSection
	GlobalSection(ProjectConfigurationPlatforms) = postSolution
		{41E55460-8C02-426C-8163-DB5FDAF3B166}.Debug|Any CPU.ActiveCfg = Debug|Any CPU
		{41E55460-8C02-426C-8163-DB5FDAF3B166}.Debug|Any CPU.Build.0 = Debug|Any CPU
		{41E55460-8C02-426C-8163-DB5FDAF3B166}.Release|Any CPU.ActiveCfg = Release|Any CPU
		{41E55460-8C02-426C-8163-DB5FDAF3B166}.Release|Any CPU.Build.0 = Release|Any CPU
		{F55979B3-646C-4AD9-8322-435320E47C14}.Debug|Any CPU.ActiveCfg = Debug|Any CPU
		{F55979B3-646C-4AD9-8322-435320E47C14}.Debug|Any CPU.Build.0 = Debug|Any CPU
		{F55979B3-646C-4AD9-8322-435320E47C14}.Release|Any CPU.ActiveCfg = Release|Any CPU
		{F55979B3-646C-4AD9-8322-435320E47C14}.Release|Any CPU.Build.0 = Release|Any CPU
		{DEE2FC1F-E5A7-4105-AECD-4C479762F657}.Debug|Any CPU.ActiveCfg = Debug|Any CPU
		{DEE2FC1F-E5A7-4105-AECD-4C479762F657}.Debug|Any CPU.Build.0 = Debug|Any CPU
		{DEE2FC1F-E5A7-4105-AECD-4C479762F657}.Release|Any CPU.ActiveCfg = Release|Any CPU
		{DEE2FC1F-E5A7-4105-AECD-4C479762F657}.Release|Any CPU.Build.0 = Release|Any CPU
		{53233995-C7C3-43D2-A796-B76A5D53EFE8}.Debug|Any CPU.ActiveCfg = Debug|Any CPU
		{53233995-C7C3-43D2-A796-B76A5D53EFE8}.Debug|Any CPU.Build.0 = Debug|Any CPU
		{53233995-C7C3-43D2-A796-B76A5D53EFE8}.Release|Any CPU.ActiveCfg = Release|Any CPU
		{53233995-C7C3-43D2-A796-B76A5D53EFE8}.Release|Any CPU.Build.0 = Release|Any CPU
		{767E61D1-9E8C-473C-8E93-2ED5CB476336}.Debug|Any CPU.ActiveCfg = Debug|Any CPU
		{767E61D1-9E8C-473C-8E93-2ED5CB476336}.Debug|Any CPU.Build.0 = Debug|Any CPU
		{767E61D1-9E8C-473C-8E93-2ED5CB476336}.Release|Any CPU.ActiveCfg = Release|Any CPU
		{767E61D1-9E8C-473C-8E93-2ED5CB476336}.Release|Any CPU.Build.0 = Release|Any CPU
	EndGlobalSection
	GlobalSection(SolutionProperties) = preSolution
		HideSolutionNode = FALSE
	EndGlobalSection
	GlobalSection(NestedProjects) = preSolution
		{41E55460-8C02-426C-8163-DB5FDAF3B166} = {CC180E1F-AC5F-4EA9-A5AF-12819DD2EED0}
		{F55979B3-646C-4AD9-8322-435320E47C14} = {77AC2C8C-DA7D-465C-AA55-CB80D697D95E}
		{DEE2FC1F-E5A7-4105-AECD-4C479762F657} = {AE7F0715-8C97-49A5-B778-398977ED2222}
		{53233995-C7C3-43D2-A796-B76A5D53EFE8} = {823B6A68-48A4-4A21-BC15-2085711526F7}
		{767E61D1-9E8C-473C-8E93-2ED5CB476336} = {BFCBD7F3-48B3-493B-AB8E-9681442B60A9}
	EndGlobalSection
	GlobalSection(ExtensibilityGlobals) = postSolution
		SolutionGuid = {77CB369D-0238-4546-ADC4-B3F4B8A0DEEE}
	EndGlobalSection
EndGlobal
